// !$*UTF8*$!
{
	archiveVersion = 1;
	classes = {
	};
	objectVersion = 48;
	objects = {

/* Begin PBXBuildFile section */
		79191DFF2087517300BA8DDC /* antti_luode_5aminasia.mp3 in Resources */ = {isa = PBXBuildFile; fileRef = 79191DFE2087517300BA8DDC /* antti_luode_5aminasia.mp3 */; };
		79257A122097567100B23C8D /* Assets.xcassets in Resources */ = {isa = PBXBuildFile; fileRef = 79257A112097567100B23C8D /* Assets.xcassets */; };
		79257A1620975B0300B23C8D /* AmaticSC-Regular.ttf in Resources */ = {isa = PBXBuildFile; fileRef = 79257A1420975B0200B23C8D /* AmaticSC-Regular.ttf */; };
		79257A1720975B0300B23C8D /* Amatic-Bold.ttf in Resources */ = {isa = PBXBuildFile; fileRef = 79257A1520975B0300B23C8D /* Amatic-Bold.ttf */; };
		79257A1D20975F6600B23C8D /* animacaopassaro-01.png in Resources */ = {isa = PBXBuildFile; fileRef = 79257A1920975F6500B23C8D /* animacaopassaro-01.png */; };
		79257A1E20975F6600B23C8D /* animacaopassaro-02.png in Resources */ = {isa = PBXBuildFile; fileRef = 79257A1A20975F6500B23C8D /* animacaopassaro-02.png */; };
		79257A1F20975F6600B23C8D /* animacaopassaro-03.png in Resources */ = {isa = PBXBuildFile; fileRef = 79257A1B20975F6500B23C8D /* animacaopassaro-03.png */; };
		79257A2020975F6600B23C8D /* animacaopassaro-04.png in Resources */ = {isa = PBXBuildFile; fileRef = 79257A1C20975F6500B23C8D /* animacaopassaro-04.png */; };
		793FB9AD2086087700121E5B /* photo48.JPG in Resources */ = {isa = PBXBuildFile; fileRef = 793FB97C2086087700121E5B /* photo48.JPG */; };
		793FB9AE2086087700121E5B /* photo8.JPG in Resources */ = {isa = PBXBuildFile; fileRef = 793FB97D2086087700121E5B /* photo8.JPG */; };
		793FB9AF2086087800121E5B /* photo9.JPG in Resources */ = {isa = PBXBuildFile; fileRef = 793FB97E2086087700121E5B /* photo9.JPG */; };
		793FB9B02086087800121E5B /* photo17.JPG in Resources */ = {isa = PBXBuildFile; fileRef = 793FB97F2086087700121E5B /* photo17.JPG */; };
		793FB9B12086087800121E5B /* photo16.JPG in Resources */ = {isa = PBXBuildFile; fileRef = 793FB9802086087700121E5B /* photo16.JPG */; };
		793FB9B22086087800121E5B /* photo28.JPG in Resources */ = {isa = PBXBuildFile; fileRef = 793FB9812086087700121E5B /* photo28.JPG */; };
		793FB9B32086087800121E5B /* photo14.JPG in Resources */ = {isa = PBXBuildFile; fileRef = 793FB9822086087700121E5B /* photo14.JPG */; };
		793FB9B42086087800121E5B /* photo15.JPG in Resources */ = {isa = PBXBuildFile; fileRef = 793FB9832086087700121E5B /* photo15.JPG */; };
		793FB9B52086087800121E5B /* photo29.JPG in Resources */ = {isa = PBXBuildFile; fileRef = 793FB9842086087700121E5B /* photo29.JPG */; };
		793FB9B62086087800121E5B /* photo11.JPG in Resources */ = {isa = PBXBuildFile; fileRef = 793FB9852086087700121E5B /* photo11.JPG */; };
		793FB9B72086087800121E5B /* photo39.JPG in Resources */ = {isa = PBXBuildFile; fileRef = 793FB9862086087700121E5B /* photo39.JPG */; };
		793FB9B82086087800121E5B /* photo38.JPG in Resources */ = {isa = PBXBuildFile; fileRef = 793FB9872086087700121E5B /* photo38.JPG */; };
		793FB9B92086087800121E5B /* photo10.JPG in Resources */ = {isa = PBXBuildFile; fileRef = 793FB9882086087700121E5B /* photo10.JPG */; };
		793FB9BA2086087800121E5B /* photo12.JPG in Resources */ = {isa = PBXBuildFile; fileRef = 793FB9892086087700121E5B /* photo12.JPG */; };
		793FB9BB2086087800121E5B /* photo13.JPG in Resources */ = {isa = PBXBuildFile; fileRef = 793FB98A2086087700121E5B /* photo13.JPG */; };
		793FB9BC2086087800121E5B /* photo22.JPG in Resources */ = {isa = PBXBuildFile; fileRef = 793FB98B2086087700121E5B /* photo22.JPG */; };
		793FB9BD2086087800121E5B /* photo36.JPG in Resources */ = {isa = PBXBuildFile; fileRef = 793FB98C2086087700121E5B /* photo36.JPG */; };
		793FB9BE2086087800121E5B /* photo37.JPG in Resources */ = {isa = PBXBuildFile; fileRef = 793FB98D2086087700121E5B /* photo37.JPG */; };
		793FB9BF2086087800121E5B /* photo23.JPG in Resources */ = {isa = PBXBuildFile; fileRef = 793FB98E2086087700121E5B /* photo23.JPG */; };
		793FB9C02086087800121E5B /* photo35.JPG in Resources */ = {isa = PBXBuildFile; fileRef = 793FB98F2086087700121E5B /* photo35.JPG */; };
		793FB9C12086087800121E5B /* photo21.JPG in Resources */ = {isa = PBXBuildFile; fileRef = 793FB9902086087700121E5B /* photo21.JPG */; };
		793FB9C22086087800121E5B /* photo20.JPG in Resources */ = {isa = PBXBuildFile; fileRef = 793FB9912086087700121E5B /* photo20.JPG */; };
		793FB9C32086087800121E5B /* photo34.JPG in Resources */ = {isa = PBXBuildFile; fileRef = 793FB9922086087700121E5B /* photo34.JPG */; };
		793FB9C42086087800121E5B /* photo30.JPG in Resources */ = {isa = PBXBuildFile; fileRef = 793FB9932086087700121E5B /* photo30.JPG */; };
		793FB9C52086087800121E5B /* photo24.JPG in Resources */ = {isa = PBXBuildFile; fileRef = 793FB9942086087700121E5B /* photo24.JPG */; };
		793FB9C62086087800121E5B /* photo18.JPG in Resources */ = {isa = PBXBuildFile; fileRef = 793FB9952086087700121E5B /* photo18.JPG */; };
		793FB9C72086087800121E5B /* photo19.JPG in Resources */ = {isa = PBXBuildFile; fileRef = 793FB9962086087700121E5B /* photo19.JPG */; };
		793FB9C82086087800121E5B /* photo25.JPG in Resources */ = {isa = PBXBuildFile; fileRef = 793FB9972086087700121E5B /* photo25.JPG */; };
		793FB9C92086087800121E5B /* photo31.JPG in Resources */ = {isa = PBXBuildFile; fileRef = 793FB9982086087700121E5B /* photo31.JPG */; };
		793FB9CA2086087800121E5B /* photo27.JPG in Resources */ = {isa = PBXBuildFile; fileRef = 793FB9992086087700121E5B /* photo27.JPG */; };
		793FB9CB2086087800121E5B /* photo33.JPG in Resources */ = {isa = PBXBuildFile; fileRef = 793FB99A2086087700121E5B /* photo33.JPG */; };
		793FB9CC2086087800121E5B /* photo32.JPG in Resources */ = {isa = PBXBuildFile; fileRef = 793FB99B2086087700121E5B /* photo32.JPG */; };
		793FB9CD2086087800121E5B /* photo26.JPG in Resources */ = {isa = PBXBuildFile; fileRef = 793FB99C2086087700121E5B /* photo26.JPG */; };
		793FB9CE2086087800121E5B /* photo41.JPG in Resources */ = {isa = PBXBuildFile; fileRef = 793FB99D2086087700121E5B /* photo41.JPG */; };
		793FB9CF2086087800121E5B /* photo4.JPG in Resources */ = {isa = PBXBuildFile; fileRef = 793FB99E2086087700121E5B /* photo4.JPG */; };
		793FB9D02086087800121E5B /* photo5.JPG in Resources */ = {isa = PBXBuildFile; fileRef = 793FB99F2086087700121E5B /* photo5.JPG */; };
		793FB9D12086087800121E5B /* photo40.JPG in Resources */ = {isa = PBXBuildFile; fileRef = 793FB9A02086087700121E5B /* photo40.JPG */; };
		793FB9D22086087800121E5B /* photo42.JPG in Resources */ = {isa = PBXBuildFile; fileRef = 793FB9A12086087700121E5B /* photo42.JPG */; };
		793FB9D32086087800121E5B /* photo7.JPG in Resources */ = {isa = PBXBuildFile; fileRef = 793FB9A22086087700121E5B /* photo7.JPG */; };
		793FB9D42086087800121E5B /* photo6.JPG in Resources */ = {isa = PBXBuildFile; fileRef = 793FB9A32086087700121E5B /* photo6.JPG */; };
		793FB9D52086087800121E5B /* photo43.JPG in Resources */ = {isa = PBXBuildFile; fileRef = 793FB9A42086087700121E5B /* photo43.JPG */; };
		793FB9D62086087800121E5B /* photo47.JPG in Resources */ = {isa = PBXBuildFile; fileRef = 793FB9A52086087700121E5B /* photo47.JPG */; };
		793FB9D72086087800121E5B /* photo2.JPG in Resources */ = {isa = PBXBuildFile; fileRef = 793FB9A62086087700121E5B /* photo2.JPG */; };
		793FB9D82086087800121E5B /* photo3.JPG in Resources */ = {isa = PBXBuildFile; fileRef = 793FB9A72086087700121E5B /* photo3.JPG */; };
		793FB9D92086087800121E5B /* photo46.JPG in Resources */ = {isa = PBXBuildFile; fileRef = 793FB9A82086087700121E5B /* photo46.JPG */; };
		793FB9DA2086087800121E5B /* photo44.JPG in Resources */ = {isa = PBXBuildFile; fileRef = 793FB9A92086087700121E5B /* photo44.JPG */; };
		793FB9DB2086087800121E5B /* photo1.JPG in Resources */ = {isa = PBXBuildFile; fileRef = 793FB9AA2086087700121E5B /* photo1.JPG */; };
		793FB9DC2086087800121E5B /* photo45.JPG in Resources */ = {isa = PBXBuildFile; fileRef = 793FB9AB2086087700121E5B /* photo45.JPG */; };
		794D4E982084F18800BAEBB6 /* UIViewExtensions.swift in Sources */ = {isa = PBXBuildFile; fileRef = 794D4E972084F18800BAEBB6 /* UIViewExtensions.swift */; };
		7964BA18208501DF00D86487 /* LoadingViewController.swift in Sources */ = {isa = PBXBuildFile; fileRef = 7964BA17208501DF00D86487 /* LoadingViewController.swift */; };
		79715877208757AA00032B2C /* SwiftySound.framework in Frameworks */ = {isa = PBXBuildFile; fileRef = 79715876208757AA00032B2C /* SwiftySound.framework */; };
		7971589920875ED300032B2C /* DesignableImageView.swift in Sources */ = {isa = PBXBuildFile; fileRef = 7971587B20875ED200032B2C /* DesignableImageView.swift */; };
		7971589A20875ED300032B2C /* KeyboardLayoutConstraint.swift in Sources */ = {isa = PBXBuildFile; fileRef = 7971587C20875ED200032B2C /* KeyboardLayoutConstraint.swift */; };
		7971589B20875ED300032B2C /* TransitionManager.swift in Sources */ = {isa = PBXBuildFile; fileRef = 7971587D20875ED200032B2C /* TransitionManager.swift */; };
		7971589C20875ED300032B2C /* TransitionZoom.swift in Sources */ = {isa = PBXBuildFile; fileRef = 7971587E20875ED200032B2C /* TransitionZoom.swift */; };
		7971589D20875ED300032B2C /* ImageLoader.swift in Sources */ = {isa = PBXBuildFile; fileRef = 7971587F20875ED200032B2C /* ImageLoader.swift */; };
		7971589E20875ED300032B2C /* Spring.swift in Sources */ = {isa = PBXBuildFile; fileRef = 7971588020875ED200032B2C /* Spring.swift */; };
		7971589F20875ED300032B2C /* SpringImageView.swift in Sources */ = {isa = PBXBuildFile; fileRef = 7971588120875ED200032B2C /* SpringImageView.swift */; };
		797158A020875ED300032B2C /* DesignableLabel.swift in Sources */ = {isa = PBXBuildFile; fileRef = 7971588220875ED200032B2C /* DesignableLabel.swift */; };
		797158A120875ED300032B2C /* SoundPlayer.swift in Sources */ = {isa = PBXBuildFile; fileRef = 7971588320875ED300032B2C /* SoundPlayer.swift */; };
		797158A220875ED300032B2C /* BlurView.swift in Sources */ = {isa = PBXBuildFile; fileRef = 7971588420875ED300032B2C /* BlurView.swift */; };
		797158A320875ED300032B2C /* DesignableTextField.swift in Sources */ = {isa = PBXBuildFile; fileRef = 7971588520875ED300032B2C /* DesignableTextField.swift */; };
		797158A420875ED300032B2C /* SpringButton.swift in Sources */ = {isa = PBXBuildFile; fileRef = 7971588620875ED300032B2C /* SpringButton.swift */; };
		797158A520875ED300032B2C /* SpringTextView.swift in Sources */ = {isa = PBXBuildFile; fileRef = 7971588720875ED300032B2C /* SpringTextView.swift */; };
		797158A620875ED300032B2C /* Misc.swift in Sources */ = {isa = PBXBuildFile; fileRef = 7971588820875ED300032B2C /* Misc.swift */; };
		797158A720875ED300032B2C /* SpringView.swift in Sources */ = {isa = PBXBuildFile; fileRef = 7971588920875ED300032B2C /* SpringView.swift */; };
		797158A820875ED300032B2C /* DesignableButton.swift in Sources */ = {isa = PBXBuildFile; fileRef = 7971588A20875ED300032B2C /* DesignableButton.swift */; };
		797158A920875ED300032B2C /* SpringTextField.swift in Sources */ = {isa = PBXBuildFile; fileRef = 7971588B20875ED300032B2C /* SpringTextField.swift */; };
		797158AA20875ED300032B2C /* DesignableView.swift in Sources */ = {isa = PBXBuildFile; fileRef = 7971588C20875ED300032B2C /* DesignableView.swift */; };
		797158AB20875ED300032B2C /* DesignableTabBarController.swift in Sources */ = {isa = PBXBuildFile; fileRef = 7971588D20875ED300032B2C /* DesignableTabBarController.swift */; };
		797158AC20875ED300032B2C /* AsyncButton.swift in Sources */ = {isa = PBXBuildFile; fileRef = 7971588E20875ED300032B2C /* AsyncButton.swift */; };
		797158AD20875ED300032B2C /* LoadingView.xib in Resources */ = {isa = PBXBuildFile; fileRef = 7971588F20875ED300032B2C /* LoadingView.xib */; };
		797158AE20875ED300032B2C /* SpringLabel.swift in Sources */ = {isa = PBXBuildFile; fileRef = 7971589020875ED300032B2C /* SpringLabel.swift */; };
		797158AF20875ED300032B2C /* DesignableTextView.swift in Sources */ = {isa = PBXBuildFile; fileRef = 7971589220875ED300032B2C /* DesignableTextView.swift */; };
		797158B020875ED300032B2C /* AutoTextView.swift in Sources */ = {isa = PBXBuildFile; fileRef = 7971589320875ED300032B2C /* AutoTextView.swift */; };
		797158B120875ED300032B2C /* SpringAnimation.swift in Sources */ = {isa = PBXBuildFile; fileRef = 7971589420875ED300032B2C /* SpringAnimation.swift */; };
		797158B220875ED300032B2C /* UnwindSegue.swift in Sources */ = {isa = PBXBuildFile; fileRef = 7971589520875ED300032B2C /* UnwindSegue.swift */; };
		797158B320875ED300032B2C /* LoadingView.swift in Sources */ = {isa = PBXBuildFile; fileRef = 7971589620875ED300032B2C /* LoadingView.swift */; };
		797158B420875ED300032B2C /* Info.plist in Resources */ = {isa = PBXBuildFile; fileRef = 7971589720875ED300032B2C /* Info.plist */; };
		797158B520875ED300032B2C /* AsyncImageView.swift in Sources */ = {isa = PBXBuildFile; fileRef = 7971589820875ED300032B2C /* AsyncImageView.swift */; };
		79B93319207F98C0005114B1 /* AppDelegate.swift in Sources */ = {isa = PBXBuildFile; fileRef = 79B93318207F98C0005114B1 /* AppDelegate.swift */; };
		79B9331B207F98C0005114B1 /* MainViewController.swift in Sources */ = {isa = PBXBuildFile; fileRef = 79B9331A207F98C0005114B1 /* MainViewController.swift */; };
		79B9331E207F98C0005114B1 /* Main.storyboard in Resources */ = {isa = PBXBuildFile; fileRef = 79B9331C207F98C0005114B1 /* Main.storyboard */; };
		79B9332B207F98D6005114B1 /* LeaveMachine.swift in Sources */ = {isa = PBXBuildFile; fileRef = 79B9332A207F98D6005114B1 /* LeaveMachine.swift */; };
		79FA3E74209CAB58006C0A2F /* CreditsViewController.swift in Sources */ = {isa = PBXBuildFile; fileRef = 79FA3E73209CAB58006C0A2F /* CreditsViewController.swift */; };
		79FA3EB3209CB671006C0A2F /* folha3@2x.png in Resources */ = {isa = PBXBuildFile; fileRef = 79FA3E77209CB636006C0A2F /* folha3@2x.png */; };
		79FA3EB4209CB671006C0A2F /* folha5@3x.png in Resources */ = {isa = PBXBuildFile; fileRef = 79FA3E78209CB637006C0A2F /* folha5@3x.png */; };
		79FA3EB5209CB671006C0A2F /* folha4@2x.png in Resources */ = {isa = PBXBuildFile; fileRef = 79FA3E79209CB638006C0A2F /* folha4@2x.png */; };
		79FA3EB6209CB671006C0A2F /* folha8@2x.png in Resources */ = {isa = PBXBuildFile; fileRef = 79FA3E7A209CB639006C0A2F /* folha8@2x.png */; };
		79FA3EB7209CB671006C0A2F /* folha8.png in Resources */ = {isa = PBXBuildFile; fileRef = 79FA3E7B209CB63A006C0A2F /* folha8.png */; };
		79FA3EB8209CB671006C0A2F /* folha9@3x.png in Resources */ = {isa = PBXBuildFile; fileRef = 79FA3E7C209CB63B006C0A2F /* folha9@3x.png */; };
		79FA3EB9209CB671006C0A2F /* folha13@3x.png in Resources */ = {isa = PBXBuildFile; fileRef = 79FA3E7D209CB63C006C0A2F /* folha13@3x.png */; };
		79FA3EBA209CB671006C0A2F /* folha1@3x.png in Resources */ = {isa = PBXBuildFile; fileRef = 79FA3E7E209CB63C006C0A2F /* folha1@3x.png */; };
		79FA3EBB209CB671006C0A2F /* folha14@2x.png in Resources */ = {isa = PBXBuildFile; fileRef = 79FA3E7F209CB63D006C0A2F /* folha14@2x.png */; };
		79FA3EBC209CB671006C0A2F /* folha16.png in Resources */ = {isa = PBXBuildFile; fileRef = 79FA3E80209CB63E006C0A2F /* folha16.png */; };
		79FA3EBD209CB671006C0A2F /* folha16@3x.png in Resources */ = {isa = PBXBuildFile; fileRef = 79FA3E81209CB63F006C0A2F /* folha16@3x.png */; };
		79FA3EBE209CB671006C0A2F /* folha17@3x.png in Resources */ = {isa = PBXBuildFile; fileRef = 79FA3E82209CB63F006C0A2F /* folha17@3x.png */; };
		79FA3EBF209CB671006C0A2F /* folha19@3x.png in Resources */ = {isa = PBXBuildFile; fileRef = 79FA3E83209CB640006C0A2F /* folha19@3x.png */; };
		79FA3EC0209CB671006C0A2F /* folha14@3x.png in Resources */ = {isa = PBXBuildFile; fileRef = 79FA3E84209CB642006C0A2F /* folha14@3x.png */; };
		79FA3EC1209CB671006C0A2F /* folha20@3x.png in Resources */ = {isa = PBXBuildFile; fileRef = 79FA3E85209CB643006C0A2F /* folha20@3x.png */; };
		79FA3EC2209CB671006C0A2F /* folha15@2x.png in Resources */ = {isa = PBXBuildFile; fileRef = 79FA3E86209CB643006C0A2F /* folha15@2x.png */; };
		79FA3EC3209CB671006C0A2F /* folha4@3x.png in Resources */ = {isa = PBXBuildFile; fileRef = 79FA3E87209CB644006C0A2F /* folha4@3x.png */; };
		79FA3EC4209CB671006C0A2F /* folha19@2x.png in Resources */ = {isa = PBXBuildFile; fileRef = 79FA3E88209CB645006C0A2F /* folha19@2x.png */; };
		79FA3EC5209CB671006C0A2F /* folha3@3x.png in Resources */ = {isa = PBXBuildFile; fileRef = 79FA3E89209CB647006C0A2F /* folha3@3x.png */; };
		79FA3EC6209CB671006C0A2F /* folha20@2x.png in Resources */ = {isa = PBXBuildFile; fileRef = 79FA3E8A209CB648006C0A2F /* folha20@2x.png */; };
		79FA3EC7209CB671006C0A2F /* folha2@2x.png in Resources */ = {isa = PBXBuildFile; fileRef = 79FA3E8B209CB649006C0A2F /* folha2@2x.png */; };
		79FA3EC8209CB671006C0A2F /* folha10.png in Resources */ = {isa = PBXBuildFile; fileRef = 79FA3E8C209CB64A006C0A2F /* folha10.png */; };
		79FA3EC9209CB671006C0A2F /* folha11.png in Resources */ = {isa = PBXBuildFile; fileRef = 79FA3E8D209CB64B006C0A2F /* folha11.png */; };
		79FA3ECA209CB671006C0A2F /* folha12.png in Resources */ = {isa = PBXBuildFile; fileRef = 79FA3E8E209CB64B006C0A2F /* folha12.png */; };
		79FA3ECB209CB671006C0A2F /* folha1.png in Resources */ = {isa = PBXBuildFile; fileRef = 79FA3E8F209CB64D006C0A2F /* folha1.png */; };
		79FA3ECC209CB671006C0A2F /* folha13@2x.png in Resources */ = {isa = PBXBuildFile; fileRef = 79FA3E90209CB64E006C0A2F /* folha13@2x.png */; };
		79FA3ECD209CB671006C0A2F /* folha8@3x.png in Resources */ = {isa = PBXBuildFile; fileRef = 79FA3E91209CB64F006C0A2F /* folha8@3x.png */; };
		79FA3ECE209CB671006C0A2F /* folha6.png in Resources */ = {isa = PBXBuildFile; fileRef = 79FA3E92209CB650006C0A2F /* folha6.png */; };
		79FA3ECF209CB671006C0A2F /* folha2.png in Resources */ = {isa = PBXBuildFile; fileRef = 79FA3E93209CB651006C0A2F /* folha2.png */; };
		79FA3ED0209CB671006C0A2F /* folha11@2x.png in Resources */ = {isa = PBXBuildFile; fileRef = 79FA3E94209CB652006C0A2F /* folha11@2x.png */; };
		79FA3ED1209CB671006C0A2F /* folha9.png in Resources */ = {isa = PBXBuildFile; fileRef = 79FA3E95209CB652006C0A2F /* folha9.png */; };
		79FA3ED2209CB671006C0A2F /* folha17@2x.png in Resources */ = {isa = PBXBuildFile; fileRef = 79FA3E96209CB654006C0A2F /* folha17@2x.png */; };
		79FA3ED3209CB671006C0A2F /* folha19.png in Resources */ = {isa = PBXBuildFile; fileRef = 79FA3E97209CB654006C0A2F /* folha19.png */; };
		79FA3ED4209CB671006C0A2F /* folha6@2x.png in Resources */ = {isa = PBXBuildFile; fileRef = 79FA3E98209CB655006C0A2F /* folha6@2x.png */; };
		79FA3ED5209CB671006C0A2F /* folha10@3x.png in Resources */ = {isa = PBXBuildFile; fileRef = 79FA3E99209CB656006C0A2F /* folha10@3x.png */; };
		79FA3ED6209CB671006C0A2F /* folha12@3x.png in Resources */ = {isa = PBXBuildFile; fileRef = 79FA3E9A209CB657006C0A2F /* folha12@3x.png */; };
		79FA3ED7209CB671006C0A2F /* folha15@3x.png in Resources */ = {isa = PBXBuildFile; fileRef = 79FA3E9B209CB657006C0A2F /* folha15@3x.png */; };
		79FA3ED8209CB671006C0A2F /* folha9@2x.png in Resources */ = {isa = PBXBuildFile; fileRef = 79FA3E9C209CB659006C0A2F /* folha9@2x.png */; };
		79FA3ED9209CB671006C0A2F /* folha7@3x.png in Resources */ = {isa = PBXBuildFile; fileRef = 79FA3E9D209CB659006C0A2F /* folha7@3x.png */; };
		79FA3EDA209CB671006C0A2F /* folha16@2x.png in Resources */ = {isa = PBXBuildFile; fileRef = 79FA3E9E209CB65A006C0A2F /* folha16@2x.png */; };
		79FA3EDB209CB671006C0A2F /* folha7@2x.png in Resources */ = {isa = PBXBuildFile; fileRef = 79FA3E9F209CB65C006C0A2F /* folha7@2x.png */; };
		79FA3EDC209CB671006C0A2F /* folha15.png in Resources */ = {isa = PBXBuildFile; fileRef = 79FA3EA0209CB65C006C0A2F /* folha15.png */; };
		79FA3EDD209CB671006C0A2F /* folha7.png in Resources */ = {isa = PBXBuildFile; fileRef = 79FA3EA1209CB65D006C0A2F /* folha7.png */; };
		79FA3EDE209CB671006C0A2F /* folha11@3x.png in Resources */ = {isa = PBXBuildFile; fileRef = 79FA3EA2209CB65E006C0A2F /* folha11@3x.png */; };
		79FA3EDF209CB671006C0A2F /* folha5@2x.png in Resources */ = {isa = PBXBuildFile; fileRef = 79FA3EA3209CB65F006C0A2F /* folha5@2x.png */; };
		79FA3EE0209CB671006C0A2F /* folha17.png in Resources */ = {isa = PBXBuildFile; fileRef = 79FA3EA4209CB660006C0A2F /* folha17.png */; };
		79FA3EE1209CB671006C0A2F /* folha13.png in Resources */ = {isa = PBXBuildFile; fileRef = 79FA3EA5209CB660006C0A2F /* folha13.png */; };
		79FA3EE2209CB671006C0A2F /* folha10@2x.png in Resources */ = {isa = PBXBuildFile; fileRef = 79FA3EA6209CB661006C0A2F /* folha10@2x.png */; };
		79FA3EE3209CB671006C0A2F /* folha18@3x.png in Resources */ = {isa = PBXBuildFile; fileRef = 79FA3EA7209CB663006C0A2F /* folha18@3x.png */; };
		79FA3EE4209CB671006C0A2F /* folha3.png in Resources */ = {isa = PBXBuildFile; fileRef = 79FA3EA8209CB664006C0A2F /* folha3.png */; };
		79FA3EE5209CB671006C0A2F /* folha18.png in Resources */ = {isa = PBXBuildFile; fileRef = 79FA3EA9209CB665006C0A2F /* folha18.png */; };
		79FA3EE6209CB671006C0A2F /* folha12@2x.png in Resources */ = {isa = PBXBuildFile; fileRef = 79FA3EAA209CB666006C0A2F /* folha12@2x.png */; };
		79FA3EE7209CB671006C0A2F /* folha14.png in Resources */ = {isa = PBXBuildFile; fileRef = 79FA3EAB209CB668006C0A2F /* folha14.png */; };
		79FA3EE8209CB671006C0A2F /* folha2@3x.png in Resources */ = {isa = PBXBuildFile; fileRef = 79FA3EAC209CB669006C0A2F /* folha2@3x.png */; };
		79FA3EE9209CB671006C0A2F /* folha6@3x.png in Resources */ = {isa = PBXBuildFile; fileRef = 79FA3EAD209CB66A006C0A2F /* folha6@3x.png */; };
		79FA3EEA209CB671006C0A2F /* folha18@2x.png in Resources */ = {isa = PBXBuildFile; fileRef = 79FA3EAE209CB66B006C0A2F /* folha18@2x.png */; };
		79FA3EEB209CB671006C0A2F /* folha4.png in Resources */ = {isa = PBXBuildFile; fileRef = 79FA3EAF209CB66C006C0A2F /* folha4.png */; };
		79FA3EEC209CB671006C0A2F /* folha1@2x.png in Resources */ = {isa = PBXBuildFile; fileRef = 79FA3EB0209CB66D006C0A2F /* folha1@2x.png */; };
		79FA3EED209CB671006C0A2F /* folha5.png in Resources */ = {isa = PBXBuildFile; fileRef = 79FA3EB1209CB66E006C0A2F /* folha5.png */; };
		79FA3EEE209CB671006C0A2F /* folha20.png in Resources */ = {isa = PBXBuildFile; fileRef = 79FA3EB2209CB66F006C0A2F /* folha20.png */; };
/* End PBXBuildFile section */

/* Begin PBXFileReference section */
		79191DFE2087517300BA8DDC /* antti_luode_5aminasia.mp3 */ = {isa = PBXFileReference; lastKnownFileType = audio.mp3; path = antti_luode_5aminasia.mp3; sourceTree = "<group>"; };
		79257A112097567100B23C8D /* Assets.xcassets */ = {isa = PBXFileReference; lastKnownFileType = folder.assetcatalog; path = Assets.xcassets; sourceTree = "<group>"; };
		79257A1420975B0200B23C8D /* AmaticSC-Regular.ttf */ = {isa = PBXFileReference; lastKnownFileType = file; path = "AmaticSC-Regular.ttf"; sourceTree = "<group>"; };
		79257A1520975B0300B23C8D /* Amatic-Bold.ttf */ = {isa = PBXFileReference; lastKnownFileType = file; path = "Amatic-Bold.ttf"; sourceTree = "<group>"; };
		79257A1920975F6500B23C8D /* animacaopassaro-01.png */ = {isa = PBXFileReference; lastKnownFileType = image.png; path = "animacaopassaro-01.png"; sourceTree = "<group>"; };
		79257A1A20975F6500B23C8D /* animacaopassaro-02.png */ = {isa = PBXFileReference; lastKnownFileType = image.png; path = "animacaopassaro-02.png"; sourceTree = "<group>"; };
		79257A1B20975F6500B23C8D /* animacaopassaro-03.png */ = {isa = PBXFileReference; lastKnownFileType = image.png; path = "animacaopassaro-03.png"; sourceTree = "<group>"; };
		79257A1C20975F6500B23C8D /* animacaopassaro-04.png */ = {isa = PBXFileReference; lastKnownFileType = image.png; path = "animacaopassaro-04.png"; sourceTree = "<group>"; };
		793FB97C2086087700121E5B /* photo48.JPG */ = {isa = PBXFileReference; lastKnownFileType = image.jpeg; path = photo48.JPG; sourceTree = "<group>"; };
		793FB97D2086087700121E5B /* photo8.JPG */ = {isa = PBXFileReference; lastKnownFileType = image.jpeg; path = photo8.JPG; sourceTree = "<group>"; };
		793FB97E2086087700121E5B /* photo9.JPG */ = {isa = PBXFileReference; lastKnownFileType = image.jpeg; path = photo9.JPG; sourceTree = "<group>"; };
		793FB97F2086087700121E5B /* photo17.JPG */ = {isa = PBXFileReference; lastKnownFileType = image.jpeg; path = photo17.JPG; sourceTree = "<group>"; };
		793FB9802086087700121E5B /* photo16.JPG */ = {isa = PBXFileReference; lastKnownFileType = image.jpeg; path = photo16.JPG; sourceTree = "<group>"; };
		793FB9812086087700121E5B /* photo28.JPG */ = {isa = PBXFileReference; lastKnownFileType = image.jpeg; path = photo28.JPG; sourceTree = "<group>"; };
		793FB9822086087700121E5B /* photo14.JPG */ = {isa = PBXFileReference; lastKnownFileType = image.jpeg; path = photo14.JPG; sourceTree = "<group>"; };
		793FB9832086087700121E5B /* photo15.JPG */ = {isa = PBXFileReference; lastKnownFileType = image.jpeg; path = photo15.JPG; sourceTree = "<group>"; };
		793FB9842086087700121E5B /* photo29.JPG */ = {isa = PBXFileReference; lastKnownFileType = image.jpeg; path = photo29.JPG; sourceTree = "<group>"; };
		793FB9852086087700121E5B /* photo11.JPG */ = {isa = PBXFileReference; lastKnownFileType = image.jpeg; path = photo11.JPG; sourceTree = "<group>"; };
		793FB9862086087700121E5B /* photo39.JPG */ = {isa = PBXFileReference; lastKnownFileType = image.jpeg; path = photo39.JPG; sourceTree = "<group>"; };
		793FB9872086087700121E5B /* photo38.JPG */ = {isa = PBXFileReference; lastKnownFileType = image.jpeg; path = photo38.JPG; sourceTree = "<group>"; };
		793FB9882086087700121E5B /* photo10.JPG */ = {isa = PBXFileReference; lastKnownFileType = image.jpeg; path = photo10.JPG; sourceTree = "<group>"; };
		793FB9892086087700121E5B /* photo12.JPG */ = {isa = PBXFileReference; lastKnownFileType = image.jpeg; path = photo12.JPG; sourceTree = "<group>"; };
		793FB98A2086087700121E5B /* photo13.JPG */ = {isa = PBXFileReference; lastKnownFileType = image.jpeg; path = photo13.JPG; sourceTree = "<group>"; };
		793FB98B2086087700121E5B /* photo22.JPG */ = {isa = PBXFileReference; lastKnownFileType = image.jpeg; path = photo22.JPG; sourceTree = "<group>"; };
		793FB98C2086087700121E5B /* photo36.JPG */ = {isa = PBXFileReference; lastKnownFileType = image.jpeg; path = photo36.JPG; sourceTree = "<group>"; };
		793FB98D2086087700121E5B /* photo37.JPG */ = {isa = PBXFileReference; lastKnownFileType = image.jpeg; path = photo37.JPG; sourceTree = "<group>"; };
		793FB98E2086087700121E5B /* photo23.JPG */ = {isa = PBXFileReference; lastKnownFileType = image.jpeg; path = photo23.JPG; sourceTree = "<group>"; };
		793FB98F2086087700121E5B /* photo35.JPG */ = {isa = PBXFileReference; lastKnownFileType = image.jpeg; path = photo35.JPG; sourceTree = "<group>"; };
		793FB9902086087700121E5B /* photo21.JPG */ = {isa = PBXFileReference; lastKnownFileType = image.jpeg; path = photo21.JPG; sourceTree = "<group>"; };
		793FB9912086087700121E5B /* photo20.JPG */ = {isa = PBXFileReference; lastKnownFileType = image.jpeg; path = photo20.JPG; sourceTree = "<group>"; };
		793FB9922086087700121E5B /* photo34.JPG */ = {isa = PBXFileReference; lastKnownFileType = image.jpeg; path = photo34.JPG; sourceTree = "<group>"; };
		793FB9932086087700121E5B /* photo30.JPG */ = {isa = PBXFileReference; lastKnownFileType = image.jpeg; path = photo30.JPG; sourceTree = "<group>"; };
		793FB9942086087700121E5B /* photo24.JPG */ = {isa = PBXFileReference; lastKnownFileType = image.jpeg; path = photo24.JPG; sourceTree = "<group>"; };
		793FB9952086087700121E5B /* photo18.JPG */ = {isa = PBXFileReference; lastKnownFileType = image.jpeg; path = photo18.JPG; sourceTree = "<group>"; };
		793FB9962086087700121E5B /* photo19.JPG */ = {isa = PBXFileReference; lastKnownFileType = image.jpeg; path = photo19.JPG; sourceTree = "<group>"; };
		793FB9972086087700121E5B /* photo25.JPG */ = {isa = PBXFileReference; lastKnownFileType = image.jpeg; path = photo25.JPG; sourceTree = "<group>"; };
		793FB9982086087700121E5B /* photo31.JPG */ = {isa = PBXFileReference; lastKnownFileType = image.jpeg; path = photo31.JPG; sourceTree = "<group>"; };
		793FB9992086087700121E5B /* photo27.JPG */ = {isa = PBXFileReference; lastKnownFileType = image.jpeg; path = photo27.JPG; sourceTree = "<group>"; };
		793FB99A2086087700121E5B /* photo33.JPG */ = {isa = PBXFileReference; lastKnownFileType = image.jpeg; path = photo33.JPG; sourceTree = "<group>"; };
		793FB99B2086087700121E5B /* photo32.JPG */ = {isa = PBXFileReference; lastKnownFileType = image.jpeg; path = photo32.JPG; sourceTree = "<group>"; };
		793FB99C2086087700121E5B /* photo26.JPG */ = {isa = PBXFileReference; lastKnownFileType = image.jpeg; path = photo26.JPG; sourceTree = "<group>"; };
		793FB99D2086087700121E5B /* photo41.JPG */ = {isa = PBXFileReference; lastKnownFileType = image.jpeg; path = photo41.JPG; sourceTree = "<group>"; };
		793FB99E2086087700121E5B /* photo4.JPG */ = {isa = PBXFileReference; lastKnownFileType = image.jpeg; path = photo4.JPG; sourceTree = "<group>"; };
		793FB99F2086087700121E5B /* photo5.JPG */ = {isa = PBXFileReference; lastKnownFileType = image.jpeg; path = photo5.JPG; sourceTree = "<group>"; };
		793FB9A02086087700121E5B /* photo40.JPG */ = {isa = PBXFileReference; lastKnownFileType = image.jpeg; path = photo40.JPG; sourceTree = "<group>"; };
		793FB9A12086087700121E5B /* photo42.JPG */ = {isa = PBXFileReference; lastKnownFileType = image.jpeg; path = photo42.JPG; sourceTree = "<group>"; };
		793FB9A22086087700121E5B /* photo7.JPG */ = {isa = PBXFileReference; lastKnownFileType = image.jpeg; path = photo7.JPG; sourceTree = "<group>"; };
		793FB9A32086087700121E5B /* photo6.JPG */ = {isa = PBXFileReference; lastKnownFileType = image.jpeg; path = photo6.JPG; sourceTree = "<group>"; };
		793FB9A42086087700121E5B /* photo43.JPG */ = {isa = PBXFileReference; lastKnownFileType = image.jpeg; path = photo43.JPG; sourceTree = "<group>"; };
		793FB9A52086087700121E5B /* photo47.JPG */ = {isa = PBXFileReference; lastKnownFileType = image.jpeg; path = photo47.JPG; sourceTree = "<group>"; };
		793FB9A62086087700121E5B /* photo2.JPG */ = {isa = PBXFileReference; lastKnownFileType = image.jpeg; path = photo2.JPG; sourceTree = "<group>"; };
		793FB9A72086087700121E5B /* photo3.JPG */ = {isa = PBXFileReference; lastKnownFileType = image.jpeg; path = photo3.JPG; sourceTree = "<group>"; };
		793FB9A82086087700121E5B /* photo46.JPG */ = {isa = PBXFileReference; lastKnownFileType = image.jpeg; path = photo46.JPG; sourceTree = "<group>"; };
		793FB9A92086087700121E5B /* photo44.JPG */ = {isa = PBXFileReference; lastKnownFileType = image.jpeg; path = photo44.JPG; sourceTree = "<group>"; };
		793FB9AA2086087700121E5B /* photo1.JPG */ = {isa = PBXFileReference; lastKnownFileType = image.jpeg; path = photo1.JPG; sourceTree = "<group>"; };
		793FB9AB2086087700121E5B /* photo45.JPG */ = {isa = PBXFileReference; lastKnownFileType = image.jpeg; path = photo45.JPG; sourceTree = "<group>"; };
		794D4E972084F18800BAEBB6 /* UIViewExtensions.swift */ = {isa = PBXFileReference; lastKnownFileType = sourcecode.swift; path = UIViewExtensions.swift; sourceTree = "<group>"; };
		7964BA17208501DF00D86487 /* LoadingViewController.swift */ = {isa = PBXFileReference; lastKnownFileType = sourcecode.swift; path = LoadingViewController.swift; sourceTree = "<group>"; };
		79715876208757AA00032B2C /* SwiftySound.framework */ = {isa = PBXFileReference; lastKnownFileType = wrapper.framework; name = SwiftySound.framework; path = Carthage/Build/iOS/SwiftySound.framework; sourceTree = "<group>"; };
		7971587B20875ED200032B2C /* DesignableImageView.swift */ = {isa = PBXFileReference; fileEncoding = 4; lastKnownFileType = sourcecode.swift; path = DesignableImageView.swift; sourceTree = "<group>"; };
		7971587C20875ED200032B2C /* KeyboardLayoutConstraint.swift */ = {isa = PBXFileReference; fileEncoding = 4; lastKnownFileType = sourcecode.swift; path = KeyboardLayoutConstraint.swift; sourceTree = "<group>"; };
		7971587D20875ED200032B2C /* TransitionManager.swift */ = {isa = PBXFileReference; fileEncoding = 4; lastKnownFileType = sourcecode.swift; path = TransitionManager.swift; sourceTree = "<group>"; };
		7971587E20875ED200032B2C /* TransitionZoom.swift */ = {isa = PBXFileReference; fileEncoding = 4; lastKnownFileType = sourcecode.swift; path = TransitionZoom.swift; sourceTree = "<group>"; };
		7971587F20875ED200032B2C /* ImageLoader.swift */ = {isa = PBXFileReference; fileEncoding = 4; lastKnownFileType = sourcecode.swift; path = ImageLoader.swift; sourceTree = "<group>"; };
		7971588020875ED200032B2C /* Spring.swift */ = {isa = PBXFileReference; fileEncoding = 4; lastKnownFileType = sourcecode.swift; path = Spring.swift; sourceTree = "<group>"; };
		7971588120875ED200032B2C /* SpringImageView.swift */ = {isa = PBXFileReference; fileEncoding = 4; lastKnownFileType = sourcecode.swift; path = SpringImageView.swift; sourceTree = "<group>"; };
		7971588220875ED200032B2C /* DesignableLabel.swift */ = {isa = PBXFileReference; fileEncoding = 4; lastKnownFileType = sourcecode.swift; path = DesignableLabel.swift; sourceTree = "<group>"; };
		7971588320875ED300032B2C /* SoundPlayer.swift */ = {isa = PBXFileReference; fileEncoding = 4; lastKnownFileType = sourcecode.swift; path = SoundPlayer.swift; sourceTree = "<group>"; };
		7971588420875ED300032B2C /* BlurView.swift */ = {isa = PBXFileReference; fileEncoding = 4; lastKnownFileType = sourcecode.swift; path = BlurView.swift; sourceTree = "<group>"; };
		7971588520875ED300032B2C /* DesignableTextField.swift */ = {isa = PBXFileReference; fileEncoding = 4; lastKnownFileType = sourcecode.swift; path = DesignableTextField.swift; sourceTree = "<group>"; };
		7971588620875ED300032B2C /* SpringButton.swift */ = {isa = PBXFileReference; fileEncoding = 4; lastKnownFileType = sourcecode.swift; path = SpringButton.swift; sourceTree = "<group>"; };
		7971588720875ED300032B2C /* SpringTextView.swift */ = {isa = PBXFileReference; fileEncoding = 4; lastKnownFileType = sourcecode.swift; path = SpringTextView.swift; sourceTree = "<group>"; };
		7971588820875ED300032B2C /* Misc.swift */ = {isa = PBXFileReference; fileEncoding = 4; lastKnownFileType = sourcecode.swift; path = Misc.swift; sourceTree = "<group>"; };
		7971588920875ED300032B2C /* SpringView.swift */ = {isa = PBXFileReference; fileEncoding = 4; lastKnownFileType = sourcecode.swift; path = SpringView.swift; sourceTree = "<group>"; };
		7971588A20875ED300032B2C /* DesignableButton.swift */ = {isa = PBXFileReference; fileEncoding = 4; lastKnownFileType = sourcecode.swift; path = DesignableButton.swift; sourceTree = "<group>"; };
		7971588B20875ED300032B2C /* SpringTextField.swift */ = {isa = PBXFileReference; fileEncoding = 4; lastKnownFileType = sourcecode.swift; path = SpringTextField.swift; sourceTree = "<group>"; };
		7971588C20875ED300032B2C /* DesignableView.swift */ = {isa = PBXFileReference; fileEncoding = 4; lastKnownFileType = sourcecode.swift; path = DesignableView.swift; sourceTree = "<group>"; };
		7971588D20875ED300032B2C /* DesignableTabBarController.swift */ = {isa = PBXFileReference; fileEncoding = 4; lastKnownFileType = sourcecode.swift; path = DesignableTabBarController.swift; sourceTree = "<group>"; };
		7971588E20875ED300032B2C /* AsyncButton.swift */ = {isa = PBXFileReference; fileEncoding = 4; lastKnownFileType = sourcecode.swift; path = AsyncButton.swift; sourceTree = "<group>"; };
		7971588F20875ED300032B2C /* LoadingView.xib */ = {isa = PBXFileReference; fileEncoding = 4; lastKnownFileType = file.xib; path = LoadingView.xib; sourceTree = "<group>"; };
		7971589020875ED300032B2C /* SpringLabel.swift */ = {isa = PBXFileReference; fileEncoding = 4; lastKnownFileType = sourcecode.swift; path = SpringLabel.swift; sourceTree = "<group>"; };
		7971589120875ED300032B2C /* Spring.h */ = {isa = PBXFileReference; fileEncoding = 4; lastKnownFileType = sourcecode.c.h; path = Spring.h; sourceTree = "<group>"; };
		7971589220875ED300032B2C /* DesignableTextView.swift */ = {isa = PBXFileReference; fileEncoding = 4; lastKnownFileType = sourcecode.swift; path = DesignableTextView.swift; sourceTree = "<group>"; };
		7971589320875ED300032B2C /* AutoTextView.swift */ = {isa = PBXFileReference; fileEncoding = 4; lastKnownFileType = sourcecode.swift; path = AutoTextView.swift; sourceTree = "<group>"; };
		7971589420875ED300032B2C /* SpringAnimation.swift */ = {isa = PBXFileReference; fileEncoding = 4; lastKnownFileType = sourcecode.swift; path = SpringAnimation.swift; sourceTree = "<group>"; };
		7971589520875ED300032B2C /* UnwindSegue.swift */ = {isa = PBXFileReference; fileEncoding = 4; lastKnownFileType = sourcecode.swift; path = UnwindSegue.swift; sourceTree = "<group>"; };
		7971589620875ED300032B2C /* LoadingView.swift */ = {isa = PBXFileReference; fileEncoding = 4; lastKnownFileType = sourcecode.swift; path = LoadingView.swift; sourceTree = "<group>"; };
		7971589720875ED300032B2C /* Info.plist */ = {isa = PBXFileReference; fileEncoding = 4; lastKnownFileType = text.plist.xml; path = Info.plist; sourceTree = "<group>"; };
		7971589820875ED300032B2C /* AsyncImageView.swift */ = {isa = PBXFileReference; fileEncoding = 4; lastKnownFileType = sourcecode.swift; path = AsyncImageView.swift; sourceTree = "<group>"; };
		79B93315207F98C0005114B1 /* Um milhão de folhas.app */ = {isa = PBXFileReference; explicitFileType = wrapper.application; includeInIndex = 0; path = "Um milhão de folhas.app"; sourceTree = BUILT_PRODUCTS_DIR; };
		79B93318207F98C0005114B1 /* AppDelegate.swift */ = {isa = PBXFileReference; lastKnownFileType = sourcecode.swift; path = AppDelegate.swift; sourceTree = "<group>"; };
		79B9331A207F98C0005114B1 /* MainViewController.swift */ = {isa = PBXFileReference; lastKnownFileType = sourcecode.swift; path = MainViewController.swift; sourceTree = "<group>"; };
		79B9331D207F98C0005114B1 /* Base */ = {isa = PBXFileReference; lastKnownFileType = file.storyboard; name = Base; path = Base.lproj/Main.storyboard; sourceTree = "<group>"; };
		79B93324207F98C0005114B1 /* Info.plist */ = {isa = PBXFileReference; lastKnownFileType = text.plist.xml; path = Info.plist; sourceTree = "<group>"; };
		79B9332A207F98D6005114B1 /* LeaveMachine.swift */ = {isa = PBXFileReference; lastKnownFileType = sourcecode.swift; path = LeaveMachine.swift; sourceTree = "<group>"; };
		79FA3E73209CAB58006C0A2F /* CreditsViewController.swift */ = {isa = PBXFileReference; lastKnownFileType = sourcecode.swift; path = CreditsViewController.swift; sourceTree = "<group>"; };
		79FA3E77209CB636006C0A2F /* folha3@2x.png */ = {isa = PBXFileReference; lastKnownFileType = image.png; path = "folha3@2x.png"; sourceTree = "<group>"; };
		79FA3E78209CB637006C0A2F /* folha5@3x.png */ = {isa = PBXFileReference; lastKnownFileType = image.png; path = "folha5@3x.png"; sourceTree = "<group>"; };
		79FA3E79209CB638006C0A2F /* folha4@2x.png */ = {isa = PBXFileReference; lastKnownFileType = image.png; path = "folha4@2x.png"; sourceTree = "<group>"; };
		79FA3E7A209CB639006C0A2F /* folha8@2x.png */ = {isa = PBXFileReference; lastKnownFileType = image.png; path = "folha8@2x.png"; sourceTree = "<group>"; };
		79FA3E7B209CB63A006C0A2F /* folha8.png */ = {isa = PBXFileReference; lastKnownFileType = image.png; path = folha8.png; sourceTree = "<group>"; };
		79FA3E7C209CB63B006C0A2F /* folha9@3x.png */ = {isa = PBXFileReference; lastKnownFileType = image.png; path = "folha9@3x.png"; sourceTree = "<group>"; };
		79FA3E7D209CB63C006C0A2F /* folha13@3x.png */ = {isa = PBXFileReference; lastKnownFileType = image.png; path = "folha13@3x.png"; sourceTree = "<group>"; };
		79FA3E7E209CB63C006C0A2F /* folha1@3x.png */ = {isa = PBXFileReference; lastKnownFileType = image.png; path = "folha1@3x.png"; sourceTree = "<group>"; };
		79FA3E7F209CB63D006C0A2F /* folha14@2x.png */ = {isa = PBXFileReference; lastKnownFileType = image.png; path = "folha14@2x.png"; sourceTree = "<group>"; };
		79FA3E80209CB63E006C0A2F /* folha16.png */ = {isa = PBXFileReference; lastKnownFileType = image.png; path = folha16.png; sourceTree = "<group>"; };
		79FA3E81209CB63F006C0A2F /* folha16@3x.png */ = {isa = PBXFileReference; lastKnownFileType = image.png; path = "folha16@3x.png"; sourceTree = "<group>"; };
		79FA3E82209CB63F006C0A2F /* folha17@3x.png */ = {isa = PBXFileReference; lastKnownFileType = image.png; path = "folha17@3x.png"; sourceTree = "<group>"; };
		79FA3E83209CB640006C0A2F /* folha19@3x.png */ = {isa = PBXFileReference; lastKnownFileType = image.png; path = "folha19@3x.png"; sourceTree = "<group>"; };
		79FA3E84209CB642006C0A2F /* folha14@3x.png */ = {isa = PBXFileReference; lastKnownFileType = image.png; path = "folha14@3x.png"; sourceTree = "<group>"; };
		79FA3E85209CB643006C0A2F /* folha20@3x.png */ = {isa = PBXFileReference; lastKnownFileType = image.png; path = "folha20@3x.png"; sourceTree = "<group>"; };
		79FA3E86209CB643006C0A2F /* folha15@2x.png */ = {isa = PBXFileReference; lastKnownFileType = image.png; path = "folha15@2x.png"; sourceTree = "<group>"; };
		79FA3E87209CB644006C0A2F /* folha4@3x.png */ = {isa = PBXFileReference; lastKnownFileType = image.png; path = "folha4@3x.png"; sourceTree = "<group>"; };
		79FA3E88209CB645006C0A2F /* folha19@2x.png */ = {isa = PBXFileReference; lastKnownFileType = image.png; path = "folha19@2x.png"; sourceTree = "<group>"; };
		79FA3E89209CB647006C0A2F /* folha3@3x.png */ = {isa = PBXFileReference; lastKnownFileType = image.png; path = "folha3@3x.png"; sourceTree = "<group>"; };
		79FA3E8A209CB648006C0A2F /* folha20@2x.png */ = {isa = PBXFileReference; lastKnownFileType = image.png; path = "folha20@2x.png"; sourceTree = "<group>"; };
		79FA3E8B209CB649006C0A2F /* folha2@2x.png */ = {isa = PBXFileReference; lastKnownFileType = image.png; path = "folha2@2x.png"; sourceTree = "<group>"; };
		79FA3E8C209CB64A006C0A2F /* folha10.png */ = {isa = PBXFileReference; lastKnownFileType = image.png; path = folha10.png; sourceTree = "<group>"; };
		79FA3E8D209CB64B006C0A2F /* folha11.png */ = {isa = PBXFileReference; lastKnownFileType = image.png; path = folha11.png; sourceTree = "<group>"; };
		79FA3E8E209CB64B006C0A2F /* folha12.png */ = {isa = PBXFileReference; lastKnownFileType = image.png; path = folha12.png; sourceTree = "<group>"; };
		79FA3E8F209CB64D006C0A2F /* folha1.png */ = {isa = PBXFileReference; lastKnownFileType = image.png; path = folha1.png; sourceTree = "<group>"; };
		79FA3E90209CB64E006C0A2F /* folha13@2x.png */ = {isa = PBXFileReference; lastKnownFileType = image.png; path = "folha13@2x.png"; sourceTree = "<group>"; };
		79FA3E91209CB64F006C0A2F /* folha8@3x.png */ = {isa = PBXFileReference; lastKnownFileType = image.png; path = "folha8@3x.png"; sourceTree = "<group>"; };
		79FA3E92209CB650006C0A2F /* folha6.png */ = {isa = PBXFileReference; lastKnownFileType = image.png; path = folha6.png; sourceTree = "<group>"; };
		79FA3E93209CB651006C0A2F /* folha2.png */ = {isa = PBXFileReference; lastKnownFileType = image.png; path = folha2.png; sourceTree = "<group>"; };
		79FA3E94209CB652006C0A2F /* folha11@2x.png */ = {isa = PBXFileReference; lastKnownFileType = image.png; path = "folha11@2x.png"; sourceTree = "<group>"; };
		79FA3E95209CB652006C0A2F /* folha9.png */ = {isa = PBXFileReference; lastKnownFileType = image.png; path = folha9.png; sourceTree = "<group>"; };
		79FA3E96209CB654006C0A2F /* folha17@2x.png */ = {isa = PBXFileReference; lastKnownFileType = image.png; path = "folha17@2x.png"; sourceTree = "<group>"; };
		79FA3E97209CB654006C0A2F /* folha19.png */ = {isa = PBXFileReference; lastKnownFileType = image.png; path = folha19.png; sourceTree = "<group>"; };
		79FA3E98209CB655006C0A2F /* folha6@2x.png */ = {isa = PBXFileReference; lastKnownFileType = image.png; path = "folha6@2x.png"; sourceTree = "<group>"; };
		79FA3E99209CB656006C0A2F /* folha10@3x.png */ = {isa = PBXFileReference; lastKnownFileType = image.png; path = "folha10@3x.png"; sourceTree = "<group>"; };
		79FA3E9A209CB657006C0A2F /* folha12@3x.png */ = {isa = PBXFileReference; lastKnownFileType = image.png; path = "folha12@3x.png"; sourceTree = "<group>"; };
		79FA3E9B209CB657006C0A2F /* folha15@3x.png */ = {isa = PBXFileReference; lastKnownFileType = image.png; path = "folha15@3x.png"; sourceTree = "<group>"; };
		79FA3E9C209CB659006C0A2F /* folha9@2x.png */ = {isa = PBXFileReference; lastKnownFileType = image.png; path = "folha9@2x.png"; sourceTree = "<group>"; };
		79FA3E9D209CB659006C0A2F /* folha7@3x.png */ = {isa = PBXFileReference; lastKnownFileType = image.png; path = "folha7@3x.png"; sourceTree = "<group>"; };
		79FA3E9E209CB65A006C0A2F /* folha16@2x.png */ = {isa = PBXFileReference; lastKnownFileType = image.png; path = "folha16@2x.png"; sourceTree = "<group>"; };
		79FA3E9F209CB65C006C0A2F /* folha7@2x.png */ = {isa = PBXFileReference; lastKnownFileType = image.png; path = "folha7@2x.png"; sourceTree = "<group>"; };
		79FA3EA0209CB65C006C0A2F /* folha15.png */ = {isa = PBXFileReference; lastKnownFileType = image.png; path = folha15.png; sourceTree = "<group>"; };
		79FA3EA1209CB65D006C0A2F /* folha7.png */ = {isa = PBXFileReference; lastKnownFileType = image.png; path = folha7.png; sourceTree = "<group>"; };
		79FA3EA2209CB65E006C0A2F /* folha11@3x.png */ = {isa = PBXFileReference; lastKnownFileType = image.png; path = "folha11@3x.png"; sourceTree = "<group>"; };
		79FA3EA3209CB65F006C0A2F /* folha5@2x.png */ = {isa = PBXFileReference; lastKnownFileType = image.png; path = "folha5@2x.png"; sourceTree = "<group>"; };
		79FA3EA4209CB660006C0A2F /* folha17.png */ = {isa = PBXFileReference; lastKnownFileType = image.png; path = folha17.png; sourceTree = "<group>"; };
		79FA3EA5209CB660006C0A2F /* folha13.png */ = {isa = PBXFileReference; lastKnownFileType = image.png; path = folha13.png; sourceTree = "<group>"; };
		79FA3EA6209CB661006C0A2F /* folha10@2x.png */ = {isa = PBXFileReference; lastKnownFileType = image.png; path = "folha10@2x.png"; sourceTree = "<group>"; };
		79FA3EA7209CB663006C0A2F /* folha18@3x.png */ = {isa = PBXFileReference; lastKnownFileType = image.png; path = "folha18@3x.png"; sourceTree = "<group>"; };
		79FA3EA8209CB664006C0A2F /* folha3.png */ = {isa = PBXFileReference; lastKnownFileType = image.png; path = folha3.png; sourceTree = "<group>"; };
		79FA3EA9209CB665006C0A2F /* folha18.png */ = {isa = PBXFileReference; lastKnownFileType = image.png; path = folha18.png; sourceTree = "<group>"; };
		79FA3EAA209CB666006C0A2F /* folha12@2x.png */ = {isa = PBXFileReference; lastKnownFileType = image.png; path = "folha12@2x.png"; sourceTree = "<group>"; };
		79FA3EAB209CB668006C0A2F /* folha14.png */ = {isa = PBXFileReference; lastKnownFileType = image.png; path = folha14.png; sourceTree = "<group>"; };
		79FA3EAC209CB669006C0A2F /* folha2@3x.png */ = {isa = PBXFileReference; lastKnownFileType = image.png; path = "folha2@3x.png"; sourceTree = "<group>"; };
		79FA3EAD209CB66A006C0A2F /* folha6@3x.png */ = {isa = PBXFileReference; lastKnownFileType = image.png; path = "folha6@3x.png"; sourceTree = "<group>"; };
		79FA3EAE209CB66B006C0A2F /* folha18@2x.png */ = {isa = PBXFileReference; lastKnownFileType = image.png; path = "folha18@2x.png"; sourceTree = "<group>"; };
		79FA3EAF209CB66C006C0A2F /* folha4.png */ = {isa = PBXFileReference; lastKnownFileType = image.png; path = folha4.png; sourceTree = "<group>"; };
		79FA3EB0209CB66D006C0A2F /* folha1@2x.png */ = {isa = PBXFileReference; lastKnownFileType = image.png; path = "folha1@2x.png"; sourceTree = "<group>"; };
		79FA3EB1209CB66E006C0A2F /* folha5.png */ = {isa = PBXFileReference; lastKnownFileType = image.png; path = folha5.png; sourceTree = "<group>"; };
		79FA3EB2209CB66F006C0A2F /* folha20.png */ = {isa = PBXFileReference; lastKnownFileType = image.png; path = folha20.png; sourceTree = "<group>"; };
/* End PBXFileReference section */

/* Begin PBXFrameworksBuildPhase section */
		79B93312207F98C0005114B1 /* Frameworks */ = {
			isa = PBXFrameworksBuildPhase;
			buildActionMask = 2147483647;
			files = (
				79715877208757AA00032B2C /* SwiftySound.framework in Frameworks */,
			);
			runOnlyForDeploymentPostprocessing = 0;
		};
/* End PBXFrameworksBuildPhase section */

/* Begin PBXGroup section */
		79257A1320975AEF00B23C8D /* fonts */ = {
			isa = PBXGroup;
			children = (
				79257A1520975B0300B23C8D /* Amatic-Bold.ttf */,
				79257A1420975B0200B23C8D /* AmaticSC-Regular.ttf */,
			);
			path = fonts;
			sourceTree = "<group>";
		};
		79257A1820975F6500B23C8D /* animacao */ = {
			isa = PBXGroup;
			children = (
				79257A1920975F6500B23C8D /* animacaopassaro-01.png */,
				79257A1A20975F6500B23C8D /* animacaopassaro-02.png */,
				79257A1B20975F6500B23C8D /* animacaopassaro-03.png */,
				79257A1C20975F6500B23C8D /* animacaopassaro-04.png */,
			);
			path = animacao;
			sourceTree = "<group>";
		};
		793FB9792086087700121E5B /* graphic_assets */ = {
			isa = PBXGroup;
			children = (
				79FA3EEF209CB777006C0A2F /* folhas */,
				79257A1820975F6500B23C8D /* animacao */,
				79191DFE2087517300BA8DDC /* antti_luode_5aminasia.mp3 */,
				793FB97B2086087700121E5B /* IMG */,
			);
			path = graphic_assets;
			sourceTree = "<group>";
		};
		793FB97B2086087700121E5B /* IMG */ = {
			isa = PBXGroup;
			children = (
				793FB97C2086087700121E5B /* photo48.JPG */,
				793FB97D2086087700121E5B /* photo8.JPG */,
				793FB97E2086087700121E5B /* photo9.JPG */,
				793FB97F2086087700121E5B /* photo17.JPG */,
				793FB9802086087700121E5B /* photo16.JPG */,
				793FB9812086087700121E5B /* photo28.JPG */,
				793FB9822086087700121E5B /* photo14.JPG */,
				793FB9832086087700121E5B /* photo15.JPG */,
				793FB9842086087700121E5B /* photo29.JPG */,
				793FB9852086087700121E5B /* photo11.JPG */,
				793FB9862086087700121E5B /* photo39.JPG */,
				793FB9872086087700121E5B /* photo38.JPG */,
				793FB9882086087700121E5B /* photo10.JPG */,
				793FB9892086087700121E5B /* photo12.JPG */,
				793FB98A2086087700121E5B /* photo13.JPG */,
				793FB98B2086087700121E5B /* photo22.JPG */,
				793FB98C2086087700121E5B /* photo36.JPG */,
				793FB98D2086087700121E5B /* photo37.JPG */,
				793FB98E2086087700121E5B /* photo23.JPG */,
				793FB98F2086087700121E5B /* photo35.JPG */,
				793FB9902086087700121E5B /* photo21.JPG */,
				793FB9912086087700121E5B /* photo20.JPG */,
				793FB9922086087700121E5B /* photo34.JPG */,
				793FB9932086087700121E5B /* photo30.JPG */,
				793FB9942086087700121E5B /* photo24.JPG */,
				793FB9952086087700121E5B /* photo18.JPG */,
				793FB9962086087700121E5B /* photo19.JPG */,
				793FB9972086087700121E5B /* photo25.JPG */,
				793FB9982086087700121E5B /* photo31.JPG */,
				793FB9992086087700121E5B /* photo27.JPG */,
				793FB99A2086087700121E5B /* photo33.JPG */,
				793FB99B2086087700121E5B /* photo32.JPG */,
				793FB99C2086087700121E5B /* photo26.JPG */,
				793FB99D2086087700121E5B /* photo41.JPG */,
				793FB99E2086087700121E5B /* photo4.JPG */,
				793FB99F2086087700121E5B /* photo5.JPG */,
				793FB9A02086087700121E5B /* photo40.JPG */,
				793FB9A12086087700121E5B /* photo42.JPG */,
				793FB9A22086087700121E5B /* photo7.JPG */,
				793FB9A32086087700121E5B /* photo6.JPG */,
				793FB9A42086087700121E5B /* photo43.JPG */,
				793FB9A52086087700121E5B /* photo47.JPG */,
				793FB9A62086087700121E5B /* photo2.JPG */,
				793FB9A72086087700121E5B /* photo3.JPG */,
				793FB9A82086087700121E5B /* photo46.JPG */,
				793FB9A92086087700121E5B /* photo44.JPG */,
				793FB9AA2086087700121E5B /* photo1.JPG */,
				793FB9AB2086087700121E5B /* photo45.JPG */,
			);
			path = IMG;
			sourceTree = "<group>";
		};
		79715875208757AA00032B2C /* Frameworks */ = {
			isa = PBXGroup;
			children = (
				79715876208757AA00032B2C /* SwiftySound.framework */,
			);
			name = Frameworks;
			sourceTree = "<group>";
		};
		7971587A20875ED200032B2C /* Spring */ = {
			isa = PBXGroup;
			children = (
				7971587B20875ED200032B2C /* DesignableImageView.swift */,
				7971587C20875ED200032B2C /* KeyboardLayoutConstraint.swift */,
				7971587D20875ED200032B2C /* TransitionManager.swift */,
				7971587E20875ED200032B2C /* TransitionZoom.swift */,
				7971587F20875ED200032B2C /* ImageLoader.swift */,
				7971588020875ED200032B2C /* Spring.swift */,
				7971588120875ED200032B2C /* SpringImageView.swift */,
				7971588220875ED200032B2C /* DesignableLabel.swift */,
				7971588320875ED300032B2C /* SoundPlayer.swift */,
				7971588420875ED300032B2C /* BlurView.swift */,
				7971588520875ED300032B2C /* DesignableTextField.swift */,
				7971588620875ED300032B2C /* SpringButton.swift */,
				7971588720875ED300032B2C /* SpringTextView.swift */,
				7971588820875ED300032B2C /* Misc.swift */,
				7971588920875ED300032B2C /* SpringView.swift */,
				7971588A20875ED300032B2C /* DesignableButton.swift */,
				7971588B20875ED300032B2C /* SpringTextField.swift */,
				7971588C20875ED300032B2C /* DesignableView.swift */,
				7971588D20875ED300032B2C /* DesignableTabBarController.swift */,
				7971588E20875ED300032B2C /* AsyncButton.swift */,
				7971588F20875ED300032B2C /* LoadingView.xib */,
				7971589020875ED300032B2C /* SpringLabel.swift */,
				7971589120875ED300032B2C /* Spring.h */,
				7971589220875ED300032B2C /* DesignableTextView.swift */,
				7971589320875ED300032B2C /* AutoTextView.swift */,
				7971589420875ED300032B2C /* SpringAnimation.swift */,
				7971589520875ED300032B2C /* UnwindSegue.swift */,
				7971589620875ED300032B2C /* LoadingView.swift */,
				7971589720875ED300032B2C /* Info.plist */,
				7971589820875ED300032B2C /* AsyncImageView.swift */,
			);
			path = Spring;
			sourceTree = "<group>";
		};
		79B9330C207F98C0005114B1 = {
			isa = PBXGroup;
			children = (
				79B93317207F98C0005114B1 /* A million leaves */,
				79B93316207F98C0005114B1 /* Products */,
				79715875208757AA00032B2C /* Frameworks */,
			);
			sourceTree = "<group>";
		};
		79B93316207F98C0005114B1 /* Products */ = {
			isa = PBXGroup;
			children = (
				79B93315207F98C0005114B1 /* Um milhão de folhas.app */,
			);
			name = Products;
			sourceTree = "<group>";
		};
		79B93317207F98C0005114B1 /* A million leaves */ = {
			isa = PBXGroup;
			children = (
				79257A1320975AEF00B23C8D /* fonts */,
				793FB9792086087700121E5B /* graphic_assets */,
				79B93318207F98C0005114B1 /* AppDelegate.swift */,
				79B9331A207F98C0005114B1 /* MainViewController.swift */,
				7964BA17208501DF00D86487 /* LoadingViewController.swift */,
				794D4E972084F18800BAEBB6 /* UIViewExtensions.swift */,
				79B9331C207F98C0005114B1 /* Main.storyboard */,
				79FA3E73209CAB58006C0A2F /* CreditsViewController.swift */,
				79B9332A207F98D6005114B1 /* LeaveMachine.swift */,
				79B93324207F98C0005114B1 /* Info.plist */,
				79257A112097567100B23C8D /* Assets.xcassets */,
				7971587A20875ED200032B2C /* Spring */,
			);
			path = "A million leaves";
			sourceTree = "<group>";
		};
		79FA3EEF209CB777006C0A2F /* folhas */ = {
			isa = PBXGroup;
			children = (
				79FA3EA8209CB664006C0A2F /* folha3.png */,
				79FA3E77209CB636006C0A2F /* folha3@2x.png */,
				79FA3E89209CB647006C0A2F /* folha3@3x.png */,
				79FA3EAF209CB66C006C0A2F /* folha4.png */,
				79FA3E79209CB638006C0A2F /* folha4@2x.png */,
				79FA3E87209CB644006C0A2F /* folha4@3x.png */,
				79FA3EB1209CB66E006C0A2F /* folha5.png */,
				79FA3EA3209CB65F006C0A2F /* folha5@2x.png */,
				79FA3E78209CB637006C0A2F /* folha5@3x.png */,
				79FA3E92209CB650006C0A2F /* folha6.png */,
				79FA3E98209CB655006C0A2F /* folha6@2x.png */,
				79FA3EAD209CB66A006C0A2F /* folha6@3x.png */,
				79FA3EA1209CB65D006C0A2F /* folha7.png */,
				79FA3E9F209CB65C006C0A2F /* folha7@2x.png */,
				79FA3E9D209CB659006C0A2F /* folha7@3x.png */,
				79FA3E7B209CB63A006C0A2F /* folha8.png */,
				79FA3E7A209CB639006C0A2F /* folha8@2x.png */,
				79FA3E91209CB64F006C0A2F /* folha8@3x.png */,
				79FA3E95209CB652006C0A2F /* folha9.png */,
				79FA3E9C209CB659006C0A2F /* folha9@2x.png */,
				79FA3E7C209CB63B006C0A2F /* folha9@3x.png */,
				79FA3E8C209CB64A006C0A2F /* folha10.png */,
				79FA3EA6209CB661006C0A2F /* folha10@2x.png */,
				79FA3E99209CB656006C0A2F /* folha10@3x.png */,
				79FA3E8D209CB64B006C0A2F /* folha11.png */,
				79FA3E94209CB652006C0A2F /* folha11@2x.png */,
				79FA3EA2209CB65E006C0A2F /* folha11@3x.png */,
				79FA3E8E209CB64B006C0A2F /* folha12.png */,
				79FA3EAA209CB666006C0A2F /* folha12@2x.png */,
				79FA3E9A209CB657006C0A2F /* folha12@3x.png */,
				79FA3EA5209CB660006C0A2F /* folha13.png */,
				79FA3E90209CB64E006C0A2F /* folha13@2x.png */,
				79FA3E7D209CB63C006C0A2F /* folha13@3x.png */,
				79FA3EAB209CB668006C0A2F /* folha14.png */,
				79FA3E7F209CB63D006C0A2F /* folha14@2x.png */,
				79FA3E84209CB642006C0A2F /* folha14@3x.png */,
				79FA3EA0209CB65C006C0A2F /* folha15.png */,
				79FA3E86209CB643006C0A2F /* folha15@2x.png */,
				79FA3E9B209CB657006C0A2F /* folha15@3x.png */,
				79FA3E80209CB63E006C0A2F /* folha16.png */,
				79FA3E9E209CB65A006C0A2F /* folha16@2x.png */,
				79FA3E81209CB63F006C0A2F /* folha16@3x.png */,
				79FA3EA4209CB660006C0A2F /* folha17.png */,
				79FA3E96209CB654006C0A2F /* folha17@2x.png */,
				79FA3E82209CB63F006C0A2F /* folha17@3x.png */,
				79FA3EA9209CB665006C0A2F /* folha18.png */,
				79FA3EAE209CB66B006C0A2F /* folha18@2x.png */,
				79FA3EA7209CB663006C0A2F /* folha18@3x.png */,
				79FA3E97209CB654006C0A2F /* folha19.png */,
				79FA3E88209CB645006C0A2F /* folha19@2x.png */,
				79FA3E83209CB640006C0A2F /* folha19@3x.png */,
				79FA3EB2209CB66F006C0A2F /* folha20.png */,
				79FA3E8A209CB648006C0A2F /* folha20@2x.png */,
				79FA3E85209CB643006C0A2F /* folha20@3x.png */,
				79FA3E8F209CB64D006C0A2F /* folha1.png */,
				79FA3EB0209CB66D006C0A2F /* folha1@2x.png */,
				79FA3E7E209CB63C006C0A2F /* folha1@3x.png */,
				79FA3E93209CB651006C0A2F /* folha2.png */,
				79FA3E8B209CB649006C0A2F /* folha2@2x.png */,
				79FA3EAC209CB669006C0A2F /* folha2@3x.png */,
			);
			name = folhas;
			path = ../folhas;
			sourceTree = "<group>";
		};
/* End PBXGroup section */

/* Begin PBXNativeTarget section */
		79B93314207F98C0005114B1 /* Um milhão de folhas */ = {
			isa = PBXNativeTarget;
			buildConfigurationList = 79B93327207F98C0005114B1 /* Build configuration list for PBXNativeTarget "Um milhão de folhas" */;
			buildPhases = (
				79B93311207F98C0005114B1 /* Sources */,
				79B93312207F98C0005114B1 /* Frameworks */,
				79B93313207F98C0005114B1 /* Resources */,
				79715878208757CB00032B2C /* ShellScript */,
			);
			buildRules = (
			);
			dependencies = (
			);
			name = "Um milhão de folhas";
			productName = "A million leaves";
			productReference = 79B93315207F98C0005114B1 /* Um milhão de folhas.app */;
			productType = "com.apple.product-type.application";
		};
/* End PBXNativeTarget section */

/* Begin PBXProject section */
		79B9330D207F98C0005114B1 /* Project object */ = {
			isa = PBXProject;
			attributes = {
				LastSwiftUpdateCheck = 0920;
				LastUpgradeCheck = 0930;
				ORGANIZATIONNAME = "Alex Luna";
				TargetAttributes = {
					79B93314207F98C0005114B1 = {
						CreatedOnToolsVersion = 9.2;
						ProvisioningStyle = Automatic;
					};
				};
			};
			buildConfigurationList = 79B93310207F98C0005114B1 /* Build configuration list for PBXProject "Um milhão de folhas" */;
			compatibilityVersion = "Xcode 8.0";
			developmentRegion = en;
			hasScannedForEncodings = 0;
			knownRegions = (
				Base,
			);
			mainGroup = 79B9330C207F98C0005114B1;
			productRefGroup = 79B93316207F98C0005114B1 /* Products */;
			projectDirPath = "";
			projectRoot = "";
			targets = (
				79B93314207F98C0005114B1 /* Um milhão de folhas */,
			);
		};
/* End PBXProject section */

/* Begin PBXResourcesBuildPhase section */
		79B93313207F98C0005114B1 /* Resources */ = {
			isa = PBXResourcesBuildPhase;
			buildActionMask = 2147483647;
			files = (
				79257A2020975F6600B23C8D /* animacaopassaro-04.png in Resources */,
				793FB9DA2086087800121E5B /* photo44.JPG in Resources */,
				793FB9C52086087800121E5B /* photo24.JPG in Resources */,
				793FB9BC2086087800121E5B /* photo22.JPG in Resources */,
				79FA3EB7209CB671006C0A2F /* folha8.png in Resources */,
				79257A1D20975F6600B23C8D /* animacaopassaro-01.png in Resources */,
				793FB9B72086087800121E5B /* photo39.JPG in Resources */,
				79FA3EB4209CB671006C0A2F /* folha5@3x.png in Resources */,
				793FB9CC2086087800121E5B /* photo32.JPG in Resources */,
				79FA3EEC209CB671006C0A2F /* folha1@2x.png in Resources */,
				79FA3EB9209CB671006C0A2F /* folha13@3x.png in Resources */,
				793FB9C82086087800121E5B /* photo25.JPG in Resources */,
				79FA3EC2209CB671006C0A2F /* folha15@2x.png in Resources */,
				79FA3EDD209CB671006C0A2F /* folha7.png in Resources */,
				79FA3EDB209CB671006C0A2F /* folha7@2x.png in Resources */,
				79FA3EC0209CB671006C0A2F /* folha14@3x.png in Resources */,
				79FA3EEB209CB671006C0A2F /* folha4.png in Resources */,
				79257A1F20975F6600B23C8D /* animacaopassaro-03.png in Resources */,
				793FB9D52086087800121E5B /* photo43.JPG in Resources */,
				793FB9B62086087800121E5B /* photo11.JPG in Resources */,
				793FB9B02086087800121E5B /* photo17.JPG in Resources */,
				797158AD20875ED300032B2C /* LoadingView.xib in Resources */,
				793FB9D62086087800121E5B /* photo47.JPG in Resources */,
				79FA3EE5209CB671006C0A2F /* folha18.png in Resources */,
				79FA3ECC209CB671006C0A2F /* folha13@2x.png in Resources */,
				793FB9B92086087800121E5B /* photo10.JPG in Resources */,
				793FB9BE2086087800121E5B /* photo37.JPG in Resources */,
				79257A1E20975F6600B23C8D /* animacaopassaro-02.png in Resources */,
				79191DFF2087517300BA8DDC /* antti_luode_5aminasia.mp3 in Resources */,
				793FB9D02086087800121E5B /* photo5.JPG in Resources */,
				793FB9BA2086087800121E5B /* photo12.JPG in Resources */,
				79FA3EBC209CB671006C0A2F /* folha16.png in Resources */,
				79FA3ED3209CB671006C0A2F /* folha19.png in Resources */,
				79257A1720975B0300B23C8D /* Amatic-Bold.ttf in Resources */,
				793FB9C32086087800121E5B /* photo34.JPG in Resources */,
				79FA3ED2209CB671006C0A2F /* folha17@2x.png in Resources */,
				79257A1620975B0300B23C8D /* AmaticSC-Regular.ttf in Resources */,
				79FA3EE9209CB671006C0A2F /* folha6@3x.png in Resources */,
				793FB9D82086087800121E5B /* photo3.JPG in Resources */,
				793FB9C02086087800121E5B /* photo35.JPG in Resources */,
				79FA3ED4209CB671006C0A2F /* folha6@2x.png in Resources */,
				79FA3EB3209CB671006C0A2F /* folha3@2x.png in Resources */,
				79FA3EEE209CB671006C0A2F /* folha20.png in Resources */,
				793FB9C42086087800121E5B /* photo30.JPG in Resources */,
				79FA3EBA209CB671006C0A2F /* folha1@3x.png in Resources */,
				79FA3ECB209CB671006C0A2F /* folha1.png in Resources */,
				793FB9AD2086087700121E5B /* photo48.JPG in Resources */,
				793FB9CF2086087800121E5B /* photo4.JPG in Resources */,
				793FB9BF2086087800121E5B /* photo23.JPG in Resources */,
				793FB9D22086087800121E5B /* photo42.JPG in Resources */,
				79FA3EE0209CB671006C0A2F /* folha17.png in Resources */,
				79FA3EDA209CB671006C0A2F /* folha16@2x.png in Resources */,
				79FA3ECA209CB671006C0A2F /* folha12.png in Resources */,
				79FA3EDE209CB671006C0A2F /* folha11@3x.png in Resources */,
				79FA3EC6209CB671006C0A2F /* folha20@2x.png in Resources */,
				79FA3EBD209CB671006C0A2F /* folha16@3x.png in Resources */,
				793FB9D72086087800121E5B /* photo2.JPG in Resources */,
				793FB9DB2086087800121E5B /* photo1.JPG in Resources */,
				79FA3EE4209CB671006C0A2F /* folha3.png in Resources */,
				79FA3EC3209CB671006C0A2F /* folha4@3x.png in Resources */,
				79FA3EEA209CB671006C0A2F /* folha18@2x.png in Resources */,
				793FB9C72086087800121E5B /* photo19.JPG in Resources */,
				793FB9D92086087800121E5B /* photo46.JPG in Resources */,
				79FA3EB5209CB671006C0A2F /* folha4@2x.png in Resources */,
				79FA3ED1209CB671006C0A2F /* folha9.png in Resources */,
				79FA3ECD209CB671006C0A2F /* folha8@3x.png in Resources */,
				793FB9D42086087800121E5B /* photo6.JPG in Resources */,
				79FA3EB8209CB671006C0A2F /* folha9@3x.png in Resources */,
				79FA3ED6209CB671006C0A2F /* folha12@3x.png in Resources */,
				793FB9AE2086087700121E5B /* photo8.JPG in Resources */,
				79FA3EC4209CB671006C0A2F /* folha19@2x.png in Resources */,
				79FA3EBE209CB671006C0A2F /* folha17@3x.png in Resources */,
				79FA3ED5209CB671006C0A2F /* folha10@3x.png in Resources */,
				793FB9CE2086087800121E5B /* photo41.JPG in Resources */,
				793FB9CD2086087800121E5B /* photo26.JPG in Resources */,
				793FB9BB2086087800121E5B /* photo13.JPG in Resources */,
				793FB9CB2086087800121E5B /* photo33.JPG in Resources */,
				79FA3EB6209CB671006C0A2F /* folha8@2x.png in Resources */,
				79FA3ECE209CB671006C0A2F /* folha6.png in Resources */,
				793FB9D12086087800121E5B /* photo40.JPG in Resources */,
				793FB9B42086087800121E5B /* photo15.JPG in Resources */,
				79FA3EE3209CB671006C0A2F /* folha18@3x.png in Resources */,
				79FA3EED209CB671006C0A2F /* folha5.png in Resources */,
				79FA3EBB209CB671006C0A2F /* folha14@2x.png in Resources */,
				793FB9B12086087800121E5B /* photo16.JPG in Resources */,
				79FA3EC8209CB671006C0A2F /* folha10.png in Resources */,
				79FA3ED7209CB671006C0A2F /* folha15@3x.png in Resources */,
				793FB9B52086087800121E5B /* photo29.JPG in Resources */,
				793FB9DC2086087800121E5B /* photo45.JPG in Resources */,
				79FA3ED0209CB671006C0A2F /* folha11@2x.png in Resources */,
				79FA3EE7209CB671006C0A2F /* folha14.png in Resources */,
				79FA3EC1209CB671006C0A2F /* folha20@3x.png in Resources */,
				79FA3EBF209CB671006C0A2F /* folha19@3x.png in Resources */,
				79FA3ECF209CB671006C0A2F /* folha2.png in Resources */,
				79FA3EE6209CB671006C0A2F /* folha12@2x.png in Resources */,
				793FB9CA2086087800121E5B /* photo27.JPG in Resources */,
				79FA3EC5209CB671006C0A2F /* folha3@3x.png in Resources */,
				793FB9AF2086087800121E5B /* photo9.JPG in Resources */,
				793FB9C62086087800121E5B /* photo18.JPG in Resources */,
				793FB9BD2086087800121E5B /* photo36.JPG in Resources */,
				793FB9C12086087800121E5B /* photo21.JPG in Resources */,
				79FA3EDF209CB671006C0A2F /* folha5@2x.png in Resources */,
				79FA3ED9209CB671006C0A2F /* folha7@3x.png in Resources */,
				79FA3EC9209CB671006C0A2F /* folha11.png in Resources */,
				79FA3EE2209CB671006C0A2F /* folha10@2x.png in Resources */,
				79FA3EDC209CB671006C0A2F /* folha15.png in Resources */,
				79FA3EE1209CB671006C0A2F /* folha13.png in Resources */,
				79FA3EC7209CB671006C0A2F /* folha2@2x.png in Resources */,
				79B9331E207F98C0005114B1 /* Main.storyboard in Resources */,
				79FA3ED8209CB671006C0A2F /* folha9@2x.png in Resources */,
				79257A122097567100B23C8D /* Assets.xcassets in Resources */,
				793FB9B22086087800121E5B /* photo28.JPG in Resources */,
				797158B420875ED300032B2C /* Info.plist in Resources */,
				793FB9C92086087800121E5B /* photo31.JPG in Resources */,
				793FB9D32086087800121E5B /* photo7.JPG in Resources */,
				793FB9B32086087800121E5B /* photo14.JPG in Resources */,
				793FB9C22086087800121E5B /* photo20.JPG in Resources */,
				793FB9B82086087800121E5B /* photo38.JPG in Resources */,
				79FA3EE8209CB671006C0A2F /* folha2@3x.png in Resources */,
			);
			runOnlyForDeploymentPostprocessing = 0;
		};
/* End PBXResourcesBuildPhase section */

/* Begin PBXShellScriptBuildPhase section */
		79715878208757CB00032B2C /* ShellScript */ = {
			isa = PBXShellScriptBuildPhase;
			buildActionMask = 2147483647;
			files = (
			);
			inputPaths = (
				"$(SRCROOT)/Carthage/Build/iOS/SwiftySound.framework",
			);
			outputPaths = (
			);
			runOnlyForDeploymentPostprocessing = 0;
			shellPath = /bin/sh;
			shellScript = "/usr/local/bin/carthage copy-frameworks";
		};
/* End PBXShellScriptBuildPhase section */

/* Begin PBXSourcesBuildPhase section */
		79B93311207F98C0005114B1 /* Sources */ = {
			isa = PBXSourcesBuildPhase;
			buildActionMask = 2147483647;
			files = (
				7971589C20875ED300032B2C /* TransitionZoom.swift in Sources */,
				7971589B20875ED300032B2C /* TransitionManager.swift in Sources */,
				797158A820875ED300032B2C /* DesignableButton.swift in Sources */,
				797158AF20875ED300032B2C /* DesignableTextView.swift in Sources */,
				797158A220875ED300032B2C /* BlurView.swift in Sources */,
				7971589D20875ED300032B2C /* ImageLoader.swift in Sources */,
				797158B220875ED300032B2C /* UnwindSegue.swift in Sources */,
				79B9332B207F98D6005114B1 /* LeaveMachine.swift in Sources */,
				797158A720875ED300032B2C /* SpringView.swift in Sources */,
				797158A020875ED300032B2C /* DesignableLabel.swift in Sources */,
				797158A920875ED300032B2C /* SpringTextField.swift in Sources */,
				797158B520875ED300032B2C /* AsyncImageView.swift in Sources */,
				797158B020875ED300032B2C /* AutoTextView.swift in Sources */,
				79B9331B207F98C0005114B1 /* MainViewController.swift in Sources */,
				797158AB20875ED300032B2C /* DesignableTabBarController.swift in Sources */,
				797158AC20875ED300032B2C /* AsyncButton.swift in Sources */,
				7971589F20875ED300032B2C /* SpringImageView.swift in Sources */,
				7964BA18208501DF00D86487 /* LoadingViewController.swift in Sources */,
				797158A120875ED300032B2C /* SoundPlayer.swift in Sources */,
				797158AE20875ED300032B2C /* SpringLabel.swift in Sources */,
				797158A620875ED300032B2C /* Misc.swift in Sources */,
				797158AA20875ED300032B2C /* DesignableView.swift in Sources */,
				797158B120875ED300032B2C /* SpringAnimation.swift in Sources */,
				794D4E982084F18800BAEBB6 /* UIViewExtensions.swift in Sources */,
				797158A320875ED300032B2C /* DesignableTextField.swift in Sources */,
				79FA3E74209CAB58006C0A2F /* CreditsViewController.swift in Sources */,
				797158A520875ED300032B2C /* SpringTextView.swift in Sources */,
				7971589E20875ED300032B2C /* Spring.swift in Sources */,
				797158A420875ED300032B2C /* SpringButton.swift in Sources */,
				7971589A20875ED300032B2C /* KeyboardLayoutConstraint.swift in Sources */,
				7971589920875ED300032B2C /* DesignableImageView.swift in Sources */,
				797158B320875ED300032B2C /* LoadingView.swift in Sources */,
				79B93319207F98C0005114B1 /* AppDelegate.swift in Sources */,
			);
			runOnlyForDeploymentPostprocessing = 0;
		};
/* End PBXSourcesBuildPhase section */

/* Begin PBXVariantGroup section */
		79B9331C207F98C0005114B1 /* Main.storyboard */ = {
			isa = PBXVariantGroup;
			children = (
				79B9331D207F98C0005114B1 /* Base */,
			);
			name = Main.storyboard;
			sourceTree = "<group>";
		};
/* End PBXVariantGroup section */

/* Begin XCBuildConfiguration section */
		79B93325207F98C0005114B1 /* Debug */ = {
			isa = XCBuildConfiguration;
			buildSettings = {
				ALWAYS_SEARCH_USER_PATHS = NO;
				CLANG_ANALYZER_NONNULL = YES;
				CLANG_ANALYZER_NUMBER_OBJECT_CONVERSION = YES_AGGRESSIVE;
				CLANG_CXX_LANGUAGE_STANDARD = "gnu++14";
				CLANG_CXX_LIBRARY = "libc++";
				CLANG_ENABLE_MODULES = YES;
				CLANG_ENABLE_OBJC_ARC = YES;
				CLANG_WARN_BLOCK_CAPTURE_AUTORELEASING = YES;
				CLANG_WARN_BOOL_CONVERSION = YES;
				CLANG_WARN_COMMA = YES;
				CLANG_WARN_CONSTANT_CONVERSION = YES;
				CLANG_WARN_DEPRECATED_OBJC_IMPLEMENTATIONS = YES;
				CLANG_WARN_DIRECT_OBJC_ISA_USAGE = YES_ERROR;
				CLANG_WARN_DOCUMENTATION_COMMENTS = YES;
				CLANG_WARN_EMPTY_BODY = YES;
				CLANG_WARN_ENUM_CONVERSION = YES;
				CLANG_WARN_INFINITE_RECURSION = YES;
				CLANG_WARN_INT_CONVERSION = YES;
				CLANG_WARN_NON_LITERAL_NULL_CONVERSION = YES;
				CLANG_WARN_OBJC_IMPLICIT_RETAIN_SELF = YES;
				CLANG_WARN_OBJC_LITERAL_CONVERSION = YES;
				CLANG_WARN_OBJC_ROOT_CLASS = YES_ERROR;
				CLANG_WARN_RANGE_LOOP_ANALYSIS = YES;
				CLANG_WARN_STRICT_PROTOTYPES = YES;
				CLANG_WARN_SUSPICIOUS_MOVE = YES;
				CLANG_WARN_UNGUARDED_AVAILABILITY = YES_AGGRESSIVE;
				CLANG_WARN_UNREACHABLE_CODE = YES;
				CLANG_WARN__DUPLICATE_METHOD_MATCH = YES;
				CODE_SIGN_IDENTITY = "iPhone Developer";
				COPY_PHASE_STRIP = NO;
				DEBUG_INFORMATION_FORMAT = dwarf;
				ENABLE_STRICT_OBJC_MSGSEND = YES;
				ENABLE_TESTABILITY = YES;
				GCC_C_LANGUAGE_STANDARD = gnu11;
				GCC_DYNAMIC_NO_PIC = NO;
				GCC_NO_COMMON_BLOCKS = YES;
				GCC_OPTIMIZATION_LEVEL = 0;
				GCC_PREPROCESSOR_DEFINITIONS = (
					"DEBUG=1",
					"$(inherited)",
				);
				GCC_WARN_64_TO_32_BIT_CONVERSION = YES;
				GCC_WARN_ABOUT_RETURN_TYPE = YES_ERROR;
				GCC_WARN_UNDECLARED_SELECTOR = YES;
				GCC_WARN_UNINITIALIZED_AUTOS = YES_AGGRESSIVE;
				GCC_WARN_UNUSED_FUNCTION = YES;
				GCC_WARN_UNUSED_VARIABLE = YES;
				IPHONEOS_DEPLOYMENT_TARGET = 11.2;
				MTL_ENABLE_DEBUG_INFO = YES;
				ONLY_ACTIVE_ARCH = YES;
				SDKROOT = iphoneos;
				SWIFT_ACTIVE_COMPILATION_CONDITIONS = DEBUG;
				SWIFT_OPTIMIZATION_LEVEL = "-Onone";
			};
			name = Debug;
		};
		79B93326207F98C0005114B1 /* Release */ = {
			isa = XCBuildConfiguration;
			buildSettings = {
				ALWAYS_SEARCH_USER_PATHS = NO;
				CLANG_ANALYZER_NONNULL = YES;
				CLANG_ANALYZER_NUMBER_OBJECT_CONVERSION = YES_AGGRESSIVE;
				CLANG_CXX_LANGUAGE_STANDARD = "gnu++14";
				CLANG_CXX_LIBRARY = "libc++";
				CLANG_ENABLE_MODULES = YES;
				CLANG_ENABLE_OBJC_ARC = YES;
				CLANG_WARN_BLOCK_CAPTURE_AUTORELEASING = YES;
				CLANG_WARN_BOOL_CONVERSION = YES;
				CLANG_WARN_COMMA = YES;
				CLANG_WARN_CONSTANT_CONVERSION = YES;
				CLANG_WARN_DEPRECATED_OBJC_IMPLEMENTATIONS = YES;
				CLANG_WARN_DIRECT_OBJC_ISA_USAGE = YES_ERROR;
				CLANG_WARN_DOCUMENTATION_COMMENTS = YES;
				CLANG_WARN_EMPTY_BODY = YES;
				CLANG_WARN_ENUM_CONVERSION = YES;
				CLANG_WARN_INFINITE_RECURSION = YES;
				CLANG_WARN_INT_CONVERSION = YES;
				CLANG_WARN_NON_LITERAL_NULL_CONVERSION = YES;
				CLANG_WARN_OBJC_IMPLICIT_RETAIN_SELF = YES;
				CLANG_WARN_OBJC_LITERAL_CONVERSION = YES;
				CLANG_WARN_OBJC_ROOT_CLASS = YES_ERROR;
				CLANG_WARN_RANGE_LOOP_ANALYSIS = YES;
				CLANG_WARN_STRICT_PROTOTYPES = YES;
				CLANG_WARN_SUSPICIOUS_MOVE = YES;
				CLANG_WARN_UNGUARDED_AVAILABILITY = YES_AGGRESSIVE;
				CLANG_WARN_UNREACHABLE_CODE = YES;
				CLANG_WARN__DUPLICATE_METHOD_MATCH = YES;
				CODE_SIGN_IDENTITY = "iPhone Developer";
				COPY_PHASE_STRIP = NO;
				DEBUG_INFORMATION_FORMAT = "dwarf-with-dsym";
				ENABLE_NS_ASSERTIONS = NO;
				ENABLE_STRICT_OBJC_MSGSEND = YES;
				GCC_C_LANGUAGE_STANDARD = gnu11;
				GCC_NO_COMMON_BLOCKS = YES;
				GCC_WARN_64_TO_32_BIT_CONVERSION = YES;
				GCC_WARN_ABOUT_RETURN_TYPE = YES_ERROR;
				GCC_WARN_UNDECLARED_SELECTOR = YES;
				GCC_WARN_UNINITIALIZED_AUTOS = YES_AGGRESSIVE;
				GCC_WARN_UNUSED_FUNCTION = YES;
				GCC_WARN_UNUSED_VARIABLE = YES;
				IPHONEOS_DEPLOYMENT_TARGET = 11.2;
				MTL_ENABLE_DEBUG_INFO = NO;
				SDKROOT = iphoneos;
				SWIFT_OPTIMIZATION_LEVEL = "-Owholemodule";
				VALIDATE_PRODUCT = YES;
			};
			name = Release;
		};
		79B93328207F98C0005114B1 /* Debug */ = {
			isa = XCBuildConfiguration;
			buildSettings = {
				ASSETCATALOG_COMPILER_APPICON_NAME = AppIcon;
				CODE_SIGN_STYLE = Automatic;
				DEVELOPMENT_TEAM = L2BC5TCSR5;
				FRAMEWORK_SEARCH_PATHS = (
					"$(inherited)",
					"$(PROJECT_DIR)/Carthage/Build/iOS",
				);
				INFOPLIST_FILE = "A million leaves/Info.plist";
				IPHONEOS_DEPLOYMENT_TARGET = 11.2;
				LD_RUNPATH_SEARCH_PATHS = "$(inherited) @executable_path/Frameworks";
				PRODUCT_BUNDLE_IDENTIFIER = "Garagem-Infinita.A-million-leaves";
				PRODUCT_NAME = "$(TARGET_NAME)";
				SWIFT_VERSION = 4.0;
				TARGETED_DEVICE_FAMILY = "1,2";
			};
			name = Debug;
		};
		79B93329207F98C0005114B1 /* Release */ = {
			isa = XCBuildConfiguration;
			buildSettings = {
				ASSETCATALOG_COMPILER_APPICON_NAME = AppIcon;
				CODE_SIGN_STYLE = Automatic;
				DEVELOPMENT_TEAM = L2BC5TCSR5;
				FRAMEWORK_SEARCH_PATHS = (
					"$(inherited)",
					"$(PROJECT_DIR)/Carthage/Build/iOS",
				);
				INFOPLIST_FILE = "A million leaves/Info.plist";
				IPHONEOS_DEPLOYMENT_TARGET = 11.2;
				LD_RUNPATH_SEARCH_PATHS = "$(inherited) @executable_path/Frameworks";
				PRODUCT_BUNDLE_IDENTIFIER = "Garagem-Infinita.A-million-leaves";
				PRODUCT_NAME = "$(TARGET_NAME)";
				SWIFT_VERSION = 4.0;
				TARGETED_DEVICE_FAMILY = "1,2";
			};
			name = Release;
		};
/* End XCBuildConfiguration section */

/* Begin XCConfigurationList section */
		79B93310207F98C0005114B1 /* Build configuration list for PBXProject "Um milhão de folhas" */ = {
			isa = XCConfigurationList;
			buildConfigurations = (
				79B93325207F98C0005114B1 /* Debug */,
				79B93326207F98C0005114B1 /* Release */,
			);
			defaultConfigurationIsVisible = 0;
			defaultConfigurationName = Release;
		};
		79B93327207F98C0005114B1 /* Build configuration list for PBXNativeTarget "Um milhão de folhas" */ = {
			isa = XCConfigurationList;
			buildConfigurations = (
				79B93328207F98C0005114B1 /* Debug */,
				79B93329207F98C0005114B1 /* Release */,
			);
			defaultConfigurationIsVisible = 0;
			defaultConfigurationName = Release;
		};
/* End XCConfigurationList section */
	};
	rootObject = 79B9330D207F98C0005114B1 /* Project object */;
}
